// !$*UTF8*$!
{
	archiveVersion = 1;
	classes = {
	};
	objectVersion = 56;
	objects = {

/* Begin PBXBuildFile section */
		17C494C229C3BCBD00500BC9 /* AppDelegate.swift in Sources */ = {isa = PBXBuildFile; fileRef = 17C494C129C3BCBD00500BC9 /* AppDelegate.swift */; };
		17C494C429C3BCBD00500BC9 /* SceneDelegate.swift in Sources */ = {isa = PBXBuildFile; fileRef = 17C494C329C3BCBD00500BC9 /* SceneDelegate.swift */; };
		17C494C629C3BCBD00500BC9 /* ViewController.swift in Sources */ = {isa = PBXBuildFile; fileRef = 17C494C529C3BCBD00500BC9 /* ViewController.swift */; };
		17C494C929C3BCBD00500BC9 /* Main.storyboard in Resources */ = {isa = PBXBuildFile; fileRef = 17C494C729C3BCBD00500BC9 /* Main.storyboard */; };
		17C494CB29C3BCBE00500BC9 /* Assets.xcassets in Resources */ = {isa = PBXBuildFile; fileRef = 17C494CA29C3BCBE00500BC9 /* Assets.xcassets */; };
		17C494CE29C3BCBE00500BC9 /* LaunchScreen.storyboard in Resources */ = {isa = PBXBuildFile; fileRef = 17C494CC29C3BCBE00500BC9 /* LaunchScreen.storyboard */; };
		17C494D929C3BCBE00500BC9 /* Object_Classification_DemoTests.swift in Sources */ = {isa = PBXBuildFile; fileRef = 17C494D829C3BCBE00500BC9 /* Object_Classification_DemoTests.swift */; };
		17C494E329C3BCBE00500BC9 /* Object_Classification_DemoUITests.swift in Sources */ = {isa = PBXBuildFile; fileRef = 17C494E229C3BCBE00500BC9 /* Object_Classification_DemoUITests.swift */; };
		17C494E529C3BCBE00500BC9 /* Object_Classification_DemoUITestsLaunchTests.swift in Sources */ = {isa = PBXBuildFile; fileRef = 17C494E429C3BCBE00500BC9 /* Object_Classification_DemoUITestsLaunchTests.swift */; };
		17D5069729C8D6BC0050B31C /* PhotoViewController.swift in Sources */ = {isa = PBXBuildFile; fileRef = 17D5069629C8D6BC0050B31C /* PhotoViewController.swift */; };
		17D5069929C8E1ED0050B31C /* MobileNetV2.mlmodel in Sources */ = {isa = PBXBuildFile; fileRef = 17D5069829C8E1ED0050B31C /* MobileNetV2.mlmodel */; };
		17D5069B29C8E2260050B31C /* Resnet50.mlmodel in Sources */ = {isa = PBXBuildFile; fileRef = 17D5069A29C8E2260050B31C /* Resnet50.mlmodel */; };
		17D5069D29CA4F5F0050B31C /* VNClassificationObservation+confidenceString.swift in Sources */ = {isa = PBXBuildFile; fileRef = 17D5069C29CA4F5F0050B31C /* VNClassificationObservation+confidenceString.swift */; };
/* End PBXBuildFile section */

/* Begin PBXContainerItemProxy section */
		17C494D529C3BCBE00500BC9 /* PBXContainerItemProxy */ = {
			isa = PBXContainerItemProxy;
			containerPortal = 17C494B629C3BCBD00500BC9 /* Project object */;
			proxyType = 1;
			remoteGlobalIDString = 17C494BD29C3BCBD00500BC9;
			remoteInfo = "Object Classification Demo";
		};
		17C494DF29C3BCBE00500BC9 /* PBXContainerItemProxy */ = {
			isa = PBXContainerItemProxy;
			containerPortal = 17C494B629C3BCBD00500BC9 /* Project object */;
			proxyType = 1;
			remoteGlobalIDString = 17C494BD29C3BCBD00500BC9;
			remoteInfo = "Object Classification Demo";
		};
/* End PBXContainerItemProxy section */

/* Begin PBXFileReference section */
		17C494BE29C3BCBD00500BC9 /* Object Classification Demo.app */ = {isa = PBXFileReference; explicitFileType = wrapper.application; includeInIndex = 0; path = "Object Classification Demo.app"; sourceTree = BUILT_PRODUCTS_DIR; };
		17C494C129C3BCBD00500BC9 /* AppDelegate.swift */ = {isa = PBXFileReference; lastKnownFileType = sourcecode.swift; path = AppDelegate.swift; sourceTree = "<group>"; };
		17C494C329C3BCBD00500BC9 /* SceneDelegate.swift */ = {isa = PBXFileReference; lastKnownFileType = sourcecode.swift; path = SceneDelegate.swift; sourceTree = "<group>"; };
		17C494C529C3BCBD00500BC9 /* ViewController.swift */ = {isa = PBXFileReference; lastKnownFileType = sourcecode.swift; path = ViewController.swift; sourceTree = "<group>"; };
		17C494C829C3BCBD00500BC9 /* Base */ = {isa = PBXFileReference; lastKnownFileType = file.storyboard; name = Base; path = Base.lproj/Main.storyboard; sourceTree = "<group>"; };
		17C494CA29C3BCBE00500BC9 /* Assets.xcassets */ = {isa = PBXFileReference; lastKnownFileType = folder.assetcatalog; path = Assets.xcassets; sourceTree = "<group>"; };
		17C494CD29C3BCBE00500BC9 /* Base */ = {isa = PBXFileReference; lastKnownFileType = file.storyboard; name = Base; path = Base.lproj/LaunchScreen.storyboard; sourceTree = "<group>"; };
		17C494CF29C3BCBE00500BC9 /* Info.plist */ = {isa = PBXFileReference; lastKnownFileType = text.plist.xml; path = Info.plist; sourceTree = "<group>"; };
		17C494D429C3BCBE00500BC9 /* Object Classification DemoTests.xctest */ = {isa = PBXFileReference; explicitFileType = wrapper.cfbundle; includeInIndex = 0; path = "Object Classification DemoTests.xctest"; sourceTree = BUILT_PRODUCTS_DIR; };
		17C494D829C3BCBE00500BC9 /* Object_Classification_DemoTests.swift */ = {isa = PBXFileReference; lastKnownFileType = sourcecode.swift; path = Object_Classification_DemoTests.swift; sourceTree = "<group>"; };
		17C494DE29C3BCBE00500BC9 /* Object Classification DemoUITests.xctest */ = {isa = PBXFileReference; explicitFileType = wrapper.cfbundle; includeInIndex = 0; path = "Object Classification DemoUITests.xctest"; sourceTree = BUILT_PRODUCTS_DIR; };
		17C494E229C3BCBE00500BC9 /* Object_Classification_DemoUITests.swift */ = {isa = PBXFileReference; lastKnownFileType = sourcecode.swift; path = Object_Classification_DemoUITests.swift; sourceTree = "<group>"; };
		17C494E429C3BCBE00500BC9 /* Object_Classification_DemoUITestsLaunchTests.swift */ = {isa = PBXFileReference; lastKnownFileType = sourcecode.swift; path = Object_Classification_DemoUITestsLaunchTests.swift; sourceTree = "<group>"; };
		17D5069629C8D6BC0050B31C /* PhotoViewController.swift */ = {isa = PBXFileReference; lastKnownFileType = sourcecode.swift; path = PhotoViewController.swift; sourceTree = "<group>"; };
		17D5069829C8E1ED0050B31C /* MobileNetV2.mlmodel */ = {isa = PBXFileReference; lastKnownFileType = file.mlmodel; name = MobileNetV2.mlmodel; path = ../../../Downloads/MobileNetV2.mlmodel; sourceTree = "<group>"; };
		17D5069A29C8E2260050B31C /* Resnet50.mlmodel */ = {isa = PBXFileReference; lastKnownFileType = file.mlmodel; name = Resnet50.mlmodel; path = ../../../Downloads/Resnet50.mlmodel; sourceTree = "<group>"; };
		17D5069C29CA4F5F0050B31C /* VNClassificationObservation+confidenceString.swift */ = {isa = PBXFileReference; lastKnownFileType = sourcecode.swift; path = "VNClassificationObservation+confidenceString.swift"; sourceTree = "<group>"; };
/* End PBXFileReference section */

/* Begin PBXFrameworksBuildPhase section */
		17C494BB29C3BCBD00500BC9 /* Frameworks */ = {
			isa = PBXFrameworksBuildPhase;
			buildActionMask = 2147483647;
			files = (
			);
			runOnlyForDeploymentPostprocessing = 0;
		};
		17C494D129C3BCBE00500BC9 /* Frameworks */ = {
			isa = PBXFrameworksBuildPhase;
			buildActionMask = 2147483647;
			files = (
			);
			runOnlyForDeploymentPostprocessing = 0;
		};
		17C494DB29C3BCBE00500BC9 /* Frameworks */ = {
			isa = PBXFrameworksBuildPhase;
			buildActionMask = 2147483647;
			files = (
			);
			runOnlyForDeploymentPostprocessing = 0;
		};
/* End PBXFrameworksBuildPhase section */

/* Begin PBXGroup section */
		17C494B529C3BCBD00500BC9 = {
			isa = PBXGroup;
			children = (
				17C494C029C3BCBD00500BC9 /* Object Classification Demo */,
				17C494D729C3BCBE00500BC9 /* Object Classification DemoTests */,
				17C494E129C3BCBE00500BC9 /* Object Classification DemoUITests */,
				17C494BF29C3BCBD00500BC9 /* Products */,
			);
			sourceTree = "<group>";
		};
		17C494BF29C3BCBD00500BC9 /* Products */ = {
			isa = PBXGroup;
			children = (
				17C494BE29C3BCBD00500BC9 /* Object Classification Demo.app */,
				17C494D429C3BCBE00500BC9 /* Object Classification DemoTests.xctest */,
				17C494DE29C3BCBE00500BC9 /* Object Classification DemoUITests.xctest */,
			);
			name = Products;
			sourceTree = "<group>";
		};
		17C494C029C3BCBD00500BC9 /* Object Classification Demo */ = {
			isa = PBXGroup;
			children = (
				17C494C129C3BCBD00500BC9 /* AppDelegate.swift */,
				17C494C329C3BCBD00500BC9 /* SceneDelegate.swift */,
				17C494C529C3BCBD00500BC9 /* ViewController.swift */,
				17D5069629C8D6BC0050B31C /* PhotoViewController.swift */,
				17C494C729C3BCBD00500BC9 /* Main.storyboard */,
				17D5069829C8E1ED0050B31C /* MobileNetV2.mlmodel */,
				17D5069A29C8E2260050B31C /* Resnet50.mlmodel */,
				17C494CA29C3BCBE00500BC9 /* Assets.xcassets */,
				17C494CC29C3BCBE00500BC9 /* LaunchScreen.storyboard */,
				17C494CF29C3BCBE00500BC9 /* Info.plist */,
				17D5069C29CA4F5F0050B31C /* VNClassificationObservation+confidenceString.swift */,
			);
			path = "Object Classification Demo";
			sourceTree = "<group>";
		};
		17C494D729C3BCBE00500BC9 /* Object Classification DemoTests */ = {
			isa = PBXGroup;
			children = (
				17C494D829C3BCBE00500BC9 /* Object_Classification_DemoTests.swift */,
			);
			path = "Object Classification DemoTests";
			sourceTree = "<group>";
		};
		17C494E129C3BCBE00500BC9 /* Object Classification DemoUITests */ = {
			isa = PBXGroup;
			children = (
				17C494E229C3BCBE00500BC9 /* Object_Classification_DemoUITests.swift */,
				17C494E429C3BCBE00500BC9 /* Object_Classification_DemoUITestsLaunchTests.swift */,
			);
			path = "Object Classification DemoUITests";
			sourceTree = "<group>";
		};
/* End PBXGroup section */

/* Begin PBXNativeTarget section */
		17C494BD29C3BCBD00500BC9 /* Object Classification Demo */ = {
			isa = PBXNativeTarget;
			buildConfigurationList = 17C494E829C3BCBE00500BC9 /* Build configuration list for PBXNativeTarget "Object Classification Demo" */;
			buildPhases = (
				17C494BA29C3BCBD00500BC9 /* Sources */,
				17C494BB29C3BCBD00500BC9 /* Frameworks */,
				17C494BC29C3BCBD00500BC9 /* Resources */,
			);
			buildRules = (
			);
			dependencies = (
			);
			name = "Object Classification Demo";
			productName = "Object Classification Demo";
			productReference = 17C494BE29C3BCBD00500BC9 /* Object Classification Demo.app */;
			productType = "com.apple.product-type.application";
		};
		17C494D329C3BCBE00500BC9 /* Object Classification DemoTests */ = {
			isa = PBXNativeTarget;
			buildConfigurationList = 17C494EB29C3BCBE00500BC9 /* Build configuration list for PBXNativeTarget "Object Classification DemoTests" */;
			buildPhases = (
				17C494D029C3BCBE00500BC9 /* Sources */,
				17C494D129C3BCBE00500BC9 /* Frameworks */,
				17C494D229C3BCBE00500BC9 /* Resources */,
			);
			buildRules = (
			);
			dependencies = (
				17C494D629C3BCBE00500BC9 /* PBXTargetDependency */,
			);
			name = "Object Classification DemoTests";
			productName = "Object Classification DemoTests";
			productReference = 17C494D429C3BCBE00500BC9 /* Object Classification DemoTests.xctest */;
			productType = "com.apple.product-type.bundle.unit-test";
		};
		17C494DD29C3BCBE00500BC9 /* Object Classification DemoUITests */ = {
			isa = PBXNativeTarget;
			buildConfigurationList = 17C494EE29C3BCBE00500BC9 /* Build configuration list for PBXNativeTarget "Object Classification DemoUITests" */;
			buildPhases = (
				17C494DA29C3BCBE00500BC9 /* Sources */,
				17C494DB29C3BCBE00500BC9 /* Frameworks */,
				17C494DC29C3BCBE00500BC9 /* Resources */,
			);
			buildRules = (
			);
			dependencies = (
				17C494E029C3BCBE00500BC9 /* PBXTargetDependency */,
			);
			name = "Object Classification DemoUITests";
			productName = "Object Classification DemoUITests";
			productReference = 17C494DE29C3BCBE00500BC9 /* Object Classification DemoUITests.xctest */;
			productType = "com.apple.product-type.bundle.ui-testing";
		};
/* End PBXNativeTarget section */

/* Begin PBXProject section */
		17C494B629C3BCBD00500BC9 /* Project object */ = {
			isa = PBXProject;
			attributes = {
				BuildIndependentTargetsInParallel = 1;
				LastSwiftUpdateCheck = 1420;
				LastUpgradeCheck = 1420;
				TargetAttributes = {
					17C494BD29C3BCBD00500BC9 = {
						CreatedOnToolsVersion = 14.2;
					};
					17C494D329C3BCBE00500BC9 = {
						CreatedOnToolsVersion = 14.2;
						TestTargetID = 17C494BD29C3BCBD00500BC9;
					};
					17C494DD29C3BCBE00500BC9 = {
						CreatedOnToolsVersion = 14.2;
						TestTargetID = 17C494BD29C3BCBD00500BC9;
					};
				};
			};
			buildConfigurationList = 17C494B929C3BCBD00500BC9 /* Build configuration list for PBXProject "Object Classification Demo" */;
			compatibilityVersion = "Xcode 14.0";
			developmentRegion = en;
			hasScannedForEncodings = 0;
			knownRegions = (
				en,
				Base,
			);
			mainGroup = 17C494B529C3BCBD00500BC9;
			productRefGroup = 17C494BF29C3BCBD00500BC9 /* Products */;
			projectDirPath = "";
			projectRoot = "";
			targets = (
				17C494BD29C3BCBD00500BC9 /* Object Classification Demo */,
				17C494D329C3BCBE00500BC9 /* Object Classification DemoTests */,
				17C494DD29C3BCBE00500BC9 /* Object Classification DemoUITests */,
			);
		};
/* End PBXProject section */

/* Begin PBXResourcesBuildPhase section */
		17C494BC29C3BCBD00500BC9 /* Resources */ = {
			isa = PBXResourcesBuildPhase;
			buildActionMask = 2147483647;
			files = (
				17C494CE29C3BCBE00500BC9 /* LaunchScreen.storyboard in Resources */,
				17C494CB29C3BCBE00500BC9 /* Assets.xcassets in Resources */,
				17C494C929C3BCBD00500BC9 /* Main.storyboard in Resources */,
			);
			runOnlyForDeploymentPostprocessing = 0;
		};
		17C494D229C3BCBE00500BC9 /* Resources */ = {
			isa = PBXResourcesBuildPhase;
			buildActionMask = 2147483647;
			files = (
			);
			runOnlyForDeploymentPostprocessing = 0;
		};
		17C494DC29C3BCBE00500BC9 /* Resources */ = {
			isa = PBXResourcesBuildPhase;
			buildActionMask = 2147483647;
			files = (
			);
			runOnlyForDeploymentPostprocessing = 0;
		};
/* End PBXResourcesBuildPhase section */

/* Begin PBXSourcesBuildPhase section */
		17C494BA29C3BCBD00500BC9 /* Sources */ = {
			isa = PBXSourcesBuildPhase;
			buildActionMask = 2147483647;
			files = (
				17C494C629C3BCBD00500BC9 /* ViewController.swift in Sources */,
				17D5069729C8D6BC0050B31C /* PhotoViewController.swift in Sources */,
				17C494C229C3BCBD00500BC9 /* AppDelegate.swift in Sources */,
				17D5069D29CA4F5F0050B31C /* VNClassificationObservation+confidenceString.swift in Sources */,
				17D5069929C8E1ED0050B31C /* MobileNetV2.mlmodel in Sources */,
				17D5069B29C8E2260050B31C /* Resnet50.mlmodel in Sources */,
				17C494C429C3BCBD00500BC9 /* SceneDelegate.swift in Sources */,
			);
			runOnlyForDeploymentPostprocessing = 0;
		};
		17C494D029C3BCBE00500BC9 /* Sources */ = {
			isa = PBXSourcesBuildPhase;
			buildActionMask = 2147483647;
			files = (
				17C494D929C3BCBE00500BC9 /* Object_Classification_DemoTests.swift in Sources */,
			);
			runOnlyForDeploymentPostprocessing = 0;
		};
		17C494DA29C3BCBE00500BC9 /* Sources */ = {
			isa = PBXSourcesBuildPhase;
			buildActionMask = 2147483647;
			files = (
				17C494E529C3BCBE00500BC9 /* Object_Classification_DemoUITestsLaunchTests.swift in Sources */,
				17C494E329C3BCBE00500BC9 /* Object_Classification_DemoUITests.swift in Sources */,
			);
			runOnlyForDeploymentPostprocessing = 0;
		};
/* End PBXSourcesBuildPhase section */

/* Begin PBXTargetDependency section */
		17C494D629C3BCBE00500BC9 /* PBXTargetDependency */ = {
			isa = PBXTargetDependency;
			target = 17C494BD29C3BCBD00500BC9 /* Object Classification Demo */;
			targetProxy = 17C494D529C3BCBE00500BC9 /* PBXContainerItemProxy */;
		};
		17C494E029C3BCBE00500BC9 /* PBXTargetDependency */ = {
			isa = PBXTargetDependency;
			target = 17C494BD29C3BCBD00500BC9 /* Object Classification Demo */;
			targetProxy = 17C494DF29C3BCBE00500BC9 /* PBXContainerItemProxy */;
		};
/* End PBXTargetDependency section */

/* Begin PBXVariantGroup section */
		17C494C729C3BCBD00500BC9 /* Main.storyboard */ = {
			isa = PBXVariantGroup;
			children = (
				17C494C829C3BCBD00500BC9 /* Base */,
			);
			name = Main.storyboard;
			sourceTree = "<group>";
		};
		17C494CC29C3BCBE00500BC9 /* LaunchScreen.storyboard */ = {
			isa = PBXVariantGroup;
			children = (
				17C494CD29C3BCBE00500BC9 /* Base */,
			);
			name = LaunchScreen.storyboard;
			sourceTree = "<group>";
		};
/* End PBXVariantGroup section */

/* Begin XCBuildConfiguration section */
		17C494E629C3BCBE00500BC9 /* Debug */ = {
			isa = XCBuildConfiguration;
			buildSettings = {
				ALWAYS_SEARCH_USER_PATHS = NO;
				CLANG_ANALYZER_NONNULL = YES;
				CLANG_ANALYZER_NUMBER_OBJECT_CONVERSION = YES_AGGRESSIVE;
				CLANG_CXX_LANGUAGE_STANDARD = "gnu++20";
				CLANG_ENABLE_MODULES = YES;
				CLANG_ENABLE_OBJC_ARC = YES;
				CLANG_ENABLE_OBJC_WEAK = YES;
				CLANG_WARN_BLOCK_CAPTURE_AUTORELEASING = YES;
				CLANG_WARN_BOOL_CONVERSION = YES;
				CLANG_WARN_COMMA = YES;
				CLANG_WARN_CONSTANT_CONVERSION = YES;
				CLANG_WARN_DEPRECATED_OBJC_IMPLEMENTATIONS = YES;
				CLANG_WARN_DIRECT_OBJC_ISA_USAGE = YES_ERROR;
				CLANG_WARN_DOCUMENTATION_COMMENTS = YES;
				CLANG_WARN_EMPTY_BODY = YES;
				CLANG_WARN_ENUM_CONVERSION = YES;
				CLANG_WARN_INFINITE_RECURSION = YES;
				CLANG_WARN_INT_CONVERSION = YES;
				CLANG_WARN_NON_LITERAL_NULL_CONVERSION = YES;
				CLANG_WARN_OBJC_IMPLICIT_RETAIN_SELF = YES;
				CLANG_WARN_OBJC_LITERAL_CONVERSION = YES;
				CLANG_WARN_OBJC_ROOT_CLASS = YES_ERROR;
				CLANG_WARN_QUOTED_INCLUDE_IN_FRAMEWORK_HEADER = YES;
				CLANG_WARN_RANGE_LOOP_ANALYSIS = YES;
				CLANG_WARN_STRICT_PROTOTYPES = YES;
				CLANG_WARN_SUSPICIOUS_MOVE = YES;
				CLANG_WARN_UNGUARDED_AVAILABILITY = YES_AGGRESSIVE;
				CLANG_WARN_UNREACHABLE_CODE = YES;
				CLANG_WARN__DUPLICATE_METHOD_MATCH = YES;
				COPY_PHASE_STRIP = NO;
				DEBUG_INFORMATION_FORMAT = dwarf;
				ENABLE_STRICT_OBJC_MSGSEND = YES;
				ENABLE_TESTABILITY = YES;
				GCC_C_LANGUAGE_STANDARD = gnu11;
				GCC_DYNAMIC_NO_PIC = NO;
				GCC_NO_COMMON_BLOCKS = YES;
				GCC_OPTIMIZATION_LEVEL = 0;
				GCC_PREPROCESSOR_DEFINITIONS = (
					"DEBUG=1",
					"$(inherited)",
				);
				GCC_WARN_64_TO_32_BIT_CONVERSION = YES;
				GCC_WARN_ABOUT_RETURN_TYPE = YES_ERROR;
				GCC_WARN_UNDECLARED_SELECTOR = YES;
				GCC_WARN_UNINITIALIZED_AUTOS = YES_AGGRESSIVE;
				GCC_WARN_UNUSED_FUNCTION = YES;
				GCC_WARN_UNUSED_VARIABLE = YES;
				IPHONEOS_DEPLOYMENT_TARGET = 16.2;
				MTL_ENABLE_DEBUG_INFO = INCLUDE_SOURCE;
				MTL_FAST_MATH = YES;
				ONLY_ACTIVE_ARCH = YES;
				SDKROOT = iphoneos;
				SWIFT_ACTIVE_COMPILATION_CONDITIONS = DEBUG;
				SWIFT_OPTIMIZATION_LEVEL = "-Onone";
			};
			name = Debug;
		};
		17C494E729C3BCBE00500BC9 /* Release */ = {
			isa = XCBuildConfiguration;
			buildSettings = {
				ALWAYS_SEARCH_USER_PATHS = NO;
				CLANG_ANALYZER_NONNULL = YES;
				CLANG_ANALYZER_NUMBER_OBJECT_CONVERSION = YES_AGGRESSIVE;
				CLANG_CXX_LANGUAGE_STANDARD = "gnu++20";
				CLANG_ENABLE_MODULES = YES;
				CLANG_ENABLE_OBJC_ARC = YES;
				CLANG_ENABLE_OBJC_WEAK = YES;
				CLANG_WARN_BLOCK_CAPTURE_AUTORELEASING = YES;
				CLANG_WARN_BOOL_CONVERSION = YES;
				CLANG_WARN_COMMA = YES;
				CLANG_WARN_CONSTANT_CONVERSION = YES;
				CLANG_WARN_DEPRECATED_OBJC_IMPLEMENTATIONS = YES;
				CLANG_WARN_DIRECT_OBJC_ISA_USAGE = YES_ERROR;
				CLANG_WARN_DOCUMENTATION_COMMENTS = YES;
				CLANG_WARN_EMPTY_BODY = YES;
				CLANG_WARN_ENUM_CONVERSION = YES;
				CLANG_WARN_INFINITE_RECURSION = YES;
				CLANG_WARN_INT_CONVERSION = YES;
				CLANG_WARN_NON_LITERAL_NULL_CONVERSION = YES;
				CLANG_WARN_OBJC_IMPLICIT_RETAIN_SELF = YES;
				CLANG_WARN_OBJC_LITERAL_CONVERSION = YES;
				CLANG_WARN_OBJC_ROOT_CLASS = YES_ERROR;
				CLANG_WARN_QUOTED_INCLUDE_IN_FRAMEWORK_HEADER = YES;
				CLANG_WARN_RANGE_LOOP_ANALYSIS = YES;
				CLANG_WARN_STRICT_PROTOTYPES = YES;
				CLANG_WARN_SUSPICIOUS_MOVE = YES;
				CLANG_WARN_UNGUARDED_AVAILABILITY = YES_AGGRESSIVE;
				CLANG_WARN_UNREACHABLE_CODE = YES;
				CLANG_WARN__DUPLICATE_METHOD_MATCH = YES;
				COPY_PHASE_STRIP = NO;
				DEBUG_INFORMATION_FORMAT = "dwarf-with-dsym";
				ENABLE_NS_ASSERTIONS = NO;
				ENABLE_STRICT_OBJC_MSGSEND = YES;
				GCC_C_LANGUAGE_STANDARD = gnu11;
				GCC_NO_COMMON_BLOCKS = YES;
				GCC_WARN_64_TO_32_BIT_CONVERSION = YES;
				GCC_WARN_ABOUT_RETURN_TYPE = YES_ERROR;
				GCC_WARN_UNDECLARED_SELECTOR = YES;
				GCC_WARN_UNINITIALIZED_AUTOS = YES_AGGRESSIVE;
				GCC_WARN_UNUSED_FUNCTION = YES;
				GCC_WARN_UNUSED_VARIABLE = YES;
				IPHONEOS_DEPLOYMENT_TARGET = 16.2;
				MTL_ENABLE_DEBUG_INFO = NO;
				MTL_FAST_MATH = YES;
				SDKROOT = iphoneos;
				SWIFT_COMPILATION_MODE = wholemodule;
				SWIFT_OPTIMIZATION_LEVEL = "-O";
				VALIDATE_PRODUCT = YES;
			};
			name = Release;
		};
		17C494E929C3BCBE00500BC9 /* Debug */ = {
			isa = XCBuildConfiguration;
			buildSettings = {
				ASSETCATALOG_COMPILER_APPICON_NAME = AppIcon;
				ASSETCATALOG_COMPILER_GLOBAL_ACCENT_COLOR_NAME = AccentColor;
				CODE_SIGN_STYLE = Automatic;
				CURRENT_PROJECT_VERSION = 1;
				DEVELOPMENT_TEAM = 47K8U9BL74;
				GENERATE_INFOPLIST_FILE = YES;
				INFOPLIST_FILE = "Object Classification Demo/Info.plist";
				INFOPLIST_KEY_UIApplicationSupportsIndirectInputEvents = YES;
				INFOPLIST_KEY_UILaunchStoryboardName = LaunchScreen;
				INFOPLIST_KEY_UIMainStoryboardFile = Main;
				INFOPLIST_KEY_UISupportedInterfaceOrientations_iPad = "UIInterfaceOrientationPortrait UIInterfaceOrientationPortraitUpsideDown UIInterfaceOrientationLandscapeLeft UIInterfaceOrientationLandscapeRight";
				INFOPLIST_KEY_UISupportedInterfaceOrientations_iPhone = "UIInterfaceOrientationPortrait UIInterfaceOrientationLandscapeLeft UIInterfaceOrientationLandscapeRight";
				LD_RUNPATH_SEARCH_PATHS = (
					"$(inherited)",
					"@executable_path/Frameworks",
				);
				MARKETING_VERSION = 1.0;
				PRODUCT_BUNDLE_IDENTIFIER = "edu.csumb.aroblesmartinez.Object-Classification-Demo";
				PRODUCT_NAME = "$(TARGET_NAME)";
				SWIFT_EMIT_LOC_STRINGS = YES;
				SWIFT_VERSION = 5.0;
				TARGETED_DEVICE_FAMILY = "1,2";
			};
			name = Debug;
		};
		17C494EA29C3BCBE00500BC9 /* Release */ = {
			isa = XCBuildConfiguration;
			buildSettings = {
				ASSETCATALOG_COMPILER_APPICON_NAME = AppIcon;
				ASSETCATALOG_COMPILER_GLOBAL_ACCENT_COLOR_NAME = AccentColor;
				CODE_SIGN_STYLE = Automatic;
				CURRENT_PROJECT_VERSION = 1;
				DEVELOPMENT_TEAM = 47K8U9BL74;
				GENERATE_INFOPLIST_FILE = YES;
				INFOPLIST_FILE = "Object Classification Demo/Info.plist";
				INFOPLIST_KEY_UIApplicationSupportsIndirectInputEvents = YES;
				INFOPLIST_KEY_UILaunchStoryboardName = LaunchScreen;
				INFOPLIST_KEY_UIMainStoryboardFile = Main;
				INFOPLIST_KEY_UISupportedInterfaceOrientations_iPad = "UIInterfaceOrientationPortrait UIInterfaceOrientationPortraitUpsideDown UIInterfaceOrientationLandscapeLeft UIInterfaceOrientationLandscapeRight";
				INFOPLIST_KEY_UISupportedInterfaceOrientations_iPhone = "UIInterfaceOrientationPortrait UIInterfaceOrientationLandscapeLeft UIInterfaceOrientationLandscapeRight";
				LD_RUNPATH_SEARCH_PATHS = (
					"$(inherited)",
					"@executable_path/Frameworks",
				);
				MARKETING_VERSION = 1.0;
				PRODUCT_BUNDLE_IDENTIFIER = "edu.csumb.aroblesmartinez.Object-Classification-Demo";
				PRODUCT_NAME = "$(TARGET_NAME)";
				SWIFT_EMIT_LOC_STRINGS = YES;
				SWIFT_VERSION = 5.0;
				TARGETED_DEVICE_FAMILY = "1,2";
			};
			name = Release;
		};
		17C494EC29C3BCBE00500BC9 /* Debug */ = {
			isa = XCBuildConfiguration;
			buildSettings = {
				ALWAYS_EMBED_SWIFT_STANDARD_LIBRARIES = YES;
				BUNDLE_LOADER = "$(TEST_HOST)";
				CODE_SIGN_STYLE = Automatic;
				CURRENT_PROJECT_VERSION = 1;
				DEVELOPMENT_TEAM = 47K8U9BL74;
				GENERATE_INFOPLIST_FILE = YES;
				IPHONEOS_DEPLOYMENT_TARGET = 16.2;
				MARKETING_VERSION = 1.0;
				PRODUCT_BUNDLE_IDENTIFIER = "edu.csumb.aroblesmartinez.Object-Classification-DemoTests";
				PRODUCT_NAME = "$(TARGET_NAME)";
				SWIFT_EMIT_LOC_STRINGS = NO;
				SWIFT_VERSION = 5.0;
				TARGETED_DEVICE_FAMILY = "1,2";
				TEST_HOST = "$(BUILT_PRODUCTS_DIR)/Object Classification Demo.app/$(BUNDLE_EXECUTABLE_FOLDER_PATH)/Object Classification Demo";
			};
			name = Debug;
		};
		17C494ED29C3BCBE00500BC9 /* Release */ = {
			isa = XCBuildConfiguration;
			buildSettings = {
				ALWAYS_EMBED_SWIFT_STANDARD_LIBRARIES = YES;
				BUNDLE_LOADER = "$(TEST_HOST)";
				CODE_SIGN_STYLE = Automatic;
				CURRENT_PROJECT_VERSION = 1;
				DEVELOPMENT_TEAM = 47K8U9BL74;
				GENERATE_INFOPLIST_FILE = YES;
				IPHONEOS_DEPLOYMENT_TARGET = 16.2;
				MARKETING_VERSION = 1.0;
				PRODUCT_BUNDLE_IDENTIFIER = "edu.csumb.aroblesmartinez.Object-Classification-DemoTests";
				PRODUCT_NAME = "$(TARGET_NAME)";
				SWIFT_EMIT_LOC_STRINGS = NO;
				SWIFT_VERSION = 5.0;
				TARGETED_DEVICE_FAMILY = "1,2";
				TEST_HOST = "$(BUILT_PRODUCTS_DIR)/Object Classification Demo.app/$(BUNDLE_EXECUTABLE_FOLDER_PATH)/Object Classification Demo";
			};
			name = Release;
		};
		17C494EF29C3BCBE00500BC9 /* Debug */ = {
			isa = XCBuildConfiguration;
			buildSettings = {
				ALWAYS_EMBED_SWIFT_STANDARD_LIBRARIES = YES;
				CODE_SIGN_STYLE = Automatic;
				CURRENT_PROJECT_VERSION = 1;
				DEVELOPMENT_TEAM = 47K8U9BL74;
				GENERATE_INFOPLIST_FILE = YES;
				MARKETING_VERSION = 1.0;
				PRODUCT_BUNDLE_IDENTIFIER = "edu.csumb.aroblesmartinez.Object-Classification-DemoUITests";
				PRODUCT_NAME = "$(TARGET_NAME)";
				SWIFT_EMIT_LOC_STRINGS = NO;
				SWIFT_VERSION = 5.0;
				TARGETED_DEVICE_FAMILY = "1,2";
				TEST_TARGET_NAME = "Object Classification Demo";
			};
			name = Debug;
		};
		17C494F029C3BCBE00500BC9 /* Release */ = {
			isa = XCBuildConfiguration;
			buildSettings = {
				ALWAYS_EMBED_SWIFT_STANDARD_LIBRARIES = YES;
				CODE_SIGN_STYLE = Automatic;
				CURRENT_PROJECT_VERSION = 1;
				DEVELOPMENT_TEAM = 47K8U9BL74;
				GENERATE_INFOPLIST_FILE = YES;
				MARKETING_VERSION = 1.0;
				PRODUCT_BUNDLE_IDENTIFIER = "edu.csumb.aroblesmartinez.Object-Classification-DemoUITests";
				PRODUCT_NAME = "$(TARGET_NAME)";
				SWIFT_EMIT_LOC_STRINGS = NO;
				SWIFT_VERSION = 5.0;
				TARGETED_DEVICE_FAMILY = "1,2";
				TEST_TARGET_NAME = "Object Classification Demo";
			};
			name = Release;
		};
/* End XCBuildConfiguration section */

/* Begin XCConfigurationList section */
		17C494B929C3BCBD00500BC9 /* Build configuration list for PBXProject "Object Classification Demo" */ = {
			isa = XCConfigurationList;
			buildConfigurations = (
				17C494E629C3BCBE00500BC9 /* Debug */,
				17C494E729C3BCBE00500BC9 /* Release */,
			);
			defaultConfigurationIsVisible = 0;
			defaultConfigurationName = Release;
		};
		17C494E829C3BCBE00500BC9 /* Build configuration list for PBXNativeTarget "Object Classification Demo" */ = {
			isa = XCConfigurationList;
			buildConfigurations = (
				17C494E929C3BCBE00500BC9 /* Debug */,
				17C494EA29C3BCBE00500BC9 /* Release */,
			);
			defaultConfigurationIsVisible = 0;
			defaultConfigurationName = Release;
		};
		17C494EB29C3BCBE00500BC9 /* Build configuration list for PBXNativeTarget "Object Classification DemoTests" */ = {
			isa = XCConfigurationList;
			buildConfigurations = (
				17C494EC29C3BCBE00500BC9 /* Debug */,
				17C494ED29C3BCBE00500BC9 /* Release */,
			);
			defaultConfigurationIsVisible = 0;
			defaultConfigurationName = Release;
		};
		17C494EE29C3BCBE00500BC9 /* Build configuration list for PBXNativeTarget "Object Classification DemoUITests" */ = {
			isa = XCConfigurationList;
			buildConfigurations = (
				17C494EF29C3BCBE00500BC9 /* Debug */,
				17C494F029C3BCBE00500BC9 /* Release */,
			);
			defaultConfigurationIsVisible = 0;
			defaultConfigurationName = Release;
		};
/* End XCConfigurationList section */
	};
	rootObject = 17C494B629C3BCBD00500BC9 /* Project object */;
}
